<?xml version="1.0" encoding="utf-8"?>
<Project ToolsVersion="4.0" xmlns="http://schemas.microsoft.com/developer/msbuild/2003">
  <ItemGroup>
    <Filter Include="Harboe">
      <UniqueIdentifier>{B6EDEDB6-A28F-188D-8B4A-2CE1778B9FDD}</UniqueIdentifier>
    </Filter>
    <Filter Include="Harboe\Events">
      <UniqueIdentifier>{DA50A4BE-4611-20F5-0F4C-69727BCB64D1}</UniqueIdentifier>
    </Filter>
    <Filter Include="Harboe\ImGui">
      <UniqueIdentifier>{6053DB4B-4CB6-6AF0-F53B-A3A6E17D3673}</UniqueIdentifier>
    </Filter>
    <Filter Include="Platform">
      <UniqueIdentifier>{2AC788B4-1694-E3BF-3FAD-D1672BD9184E}</UniqueIdentifier>
    </Filter>
    <Filter Include="Platform\OpenGL">
      <UniqueIdentifier>{1E7D2C1D-8A08-9AE1-9319-1DD6FF23F6E1}</UniqueIdentifier>
    </Filter>
  </ItemGroup>
  <ItemGroup>
    <ClInclude Include="src\Harboe.h" />
    <ClInclude Include="src\Harboe\Application.h">
      <Filter>Harboe</Filter>
    </ClInclude>
    <ClInclude Include="src\Harboe\Core.h">
      <Filter>Harboe</Filter>
    </ClInclude>
    <ClInclude Include="src\Harboe\EntryPoint.h">
      <Filter>Harboe</Filter>
    </ClInclude>
    <ClInclude Include="src\Harboe\Events\ApplicationEvent.h">
      <Filter>Harboe\Events</Filter>
    </ClInclude>
    <ClInclude Include="src\Harboe\Events\Event.h">
      <Filter>Harboe\Events</Filter>
    </ClInclude>
    <ClInclude Include="src\Harboe\Events\KeyEvent.h">
      <Filter>Harboe\Events</Filter>
    </ClInclude>
    <ClInclude Include="src\Harboe\Events\MouseEvent.h">
      <Filter>Harboe\Events</Filter>
    </ClInclude>
    <ClInclude Include="src\Harboe\ImGui\ImGuiLayer.h">
      <Filter>Harboe\ImGui</Filter>
    </ClInclude>
    <ClInclude Include="src\Harboe\Layer.h">
      <Filter>Harboe</Filter>
    </ClInclude>
    <ClInclude Include="src\Harboe\LayerStack.h">
      <Filter>Harboe</Filter>
    </ClInclude>
    <ClInclude Include="src\Harboe\Log.h">
      <Filter>Harboe</Filter>
    </ClInclude>
    <ClInclude Include="src\Harboe\Window.h">
      <Filter>Harboe</Filter>
    </ClInclude>
    <ClInclude Include="src\Platform\OpenGL\ImGuiOpenGLRenderer.h">
      <Filter>Platform\OpenGL</Filter>
    </ClInclude>
    <ClInclude Include="src\Platform\WindowsWindow.h">
      <Filter>Platform</Filter>
    </ClInclude>
    <ClInclude Include="src\hbpch.h" />
  </ItemGroup>
  <ItemGroup>
    <ClCompile Include="src\Harboe\Application.cpp">
      <Filter>Harboe</Filter>
    </ClCompile>
    <ClCompile Include="src\Harboe\ImGui\ImGuiLayer.cpp">
      <Filter>Harboe\ImGui</Filter>
    </ClCompile>
    <ClCompile Include="src\Harboe\Layer.cpp">
      <Filter>Harboe</Filter>
    </ClCompile>
    <ClCompile Include="src\Harboe\LayerStack.cpp">
      <Filter>Harboe</Filter>
    </ClCompile>
    <ClCompile Include="src\Harboe\Log.cpp">
      <Filter>Harboe</Filter>
    </ClCompile>
    <ClCompile Include="src\Platform\OpenGL\ImGuiOpenGLRenderer.cpp">
      <Filter>Platform\OpenGL</Filter>
    </ClCompile>
    <ClCompile Include="src\Platform\WindowsWindow.cpp">
      <Filter>Platform</Filter>
    </ClCompile>
    <ClCompile Include="src\hbpch.cpp" />
  </ItemGroup>
</Project>